// !$*UTF8*$!
{
	archiveVersion = 1;
	classes = {
	};
	objectVersion = 55;
	objects = {

/* Begin PBXBuildFile section */
		525B7E97288EA27C0099C11C /* ViewModel.swift in Sources */ = {isa = PBXBuildFile; fileRef = 525B7E96288EA27C0099C11C /* ViewModel.swift */; };
		525B7E99288EA4710099C11C /* TableViewCellViewModel.swift in Sources */ = {isa = PBXBuildFile; fileRef = 525B7E98288EA4710099C11C /* TableViewCellViewModel.swift */; };
		525B7E9B288ED11E0099C11C /* UIHelpers.swift in Sources */ = {isa = PBXBuildFile; fileRef = 525B7E9A288ED11E0099C11C /* UIHelpers.swift */; };
		5292548E2867A99100FF3B3D /* AppDelegate.swift in Sources */ = {isa = PBXBuildFile; fileRef = 5292548D2867A99100FF3B3D /* AppDelegate.swift */; };
		529254902867A99100FF3B3D /* SceneDelegate.swift in Sources */ = {isa = PBXBuildFile; fileRef = 5292548F2867A99100FF3B3D /* SceneDelegate.swift */; };
		529254922867A99100FF3B3D /* MainViewController.swift in Sources */ = {isa = PBXBuildFile; fileRef = 529254912867A99100FF3B3D /* MainViewController.swift */; };
		529254952867A99100FF3B3D /* Main.storyboard in Resources */ = {isa = PBXBuildFile; fileRef = 529254932867A99100FF3B3D /* Main.storyboard */; };
		529254972867A99600FF3B3D /* Assets.xcassets in Resources */ = {isa = PBXBuildFile; fileRef = 529254962867A99600FF3B3D /* Assets.xcassets */; };
		5292549A2867A99600FF3B3D /* LaunchScreen.storyboard in Resources */ = {isa = PBXBuildFile; fileRef = 529254982867A99600FF3B3D /* LaunchScreen.storyboard */; };
		52F849D3288BF9850061D223 /* RepositoryOwner.swift in Sources */ = {isa = PBXBuildFile; fileRef = 52F849D2288BF9850061D223 /* RepositoryOwner.swift */; };
		52F849D5288BFA200061D223 /* Repository.swift in Sources */ = {isa = PBXBuildFile; fileRef = 52F849D4288BFA200061D223 /* Repository.swift */; };
		52F84A0F288C37540061D223 /* NetworkingHelpers.swift in Sources */ = {isa = PBXBuildFile; fileRef = 52F84A0E288C37540061D223 /* NetworkingHelpers.swift */; };
		52F84A15288C4EA10061D223 /* ReposTableViewCell.swift in Sources */ = {isa = PBXBuildFile; fileRef = 52F84A14288C4EA10061D223 /* ReposTableViewCell.swift */; };
		52F84A1A288D58400061D223 /* RepoDetailsViewController.swift in Sources */ = {isa = PBXBuildFile; fileRef = 52F84A19288D58400061D223 /* RepoDetailsViewController.swift */; };
/* End PBXBuildFile section */

/* Begin PBXFileReference section */
		525B7E96288EA27C0099C11C /* ViewModel.swift */ = {isa = PBXFileReference; lastKnownFileType = sourcecode.swift; path = ViewModel.swift; sourceTree = "<group>"; };
		525B7E98288EA4710099C11C /* TableViewCellViewModel.swift */ = {isa = PBXFileReference; lastKnownFileType = sourcecode.swift; path = TableViewCellViewModel.swift; sourceTree = "<group>"; };
		525B7E9A288ED11E0099C11C /* UIHelpers.swift */ = {isa = PBXFileReference; lastKnownFileType = sourcecode.swift; path = UIHelpers.swift; sourceTree = "<group>"; };
		5292548A2867A99100FF3B3D /* GitHubAPI.app */ = {isa = PBXFileReference; explicitFileType = wrapper.application; includeInIndex = 0; path = GitHubAPI.app; sourceTree = BUILT_PRODUCTS_DIR; };
		5292548D2867A99100FF3B3D /* AppDelegate.swift */ = {isa = PBXFileReference; lastKnownFileType = sourcecode.swift; path = AppDelegate.swift; sourceTree = "<group>"; };
		5292548F2867A99100FF3B3D /* SceneDelegate.swift */ = {isa = PBXFileReference; lastKnownFileType = sourcecode.swift; path = SceneDelegate.swift; sourceTree = "<group>"; };
		529254912867A99100FF3B3D /* MainViewController.swift */ = {isa = PBXFileReference; lastKnownFileType = sourcecode.swift; path = MainViewController.swift; sourceTree = "<group>"; };
		529254942867A99100FF3B3D /* Base */ = {isa = PBXFileReference; lastKnownFileType = file.storyboard; name = Base; path = Base.lproj/Main.storyboard; sourceTree = "<group>"; };
		529254962867A99600FF3B3D /* Assets.xcassets */ = {isa = PBXFileReference; lastKnownFileType = folder.assetcatalog; path = Assets.xcassets; sourceTree = "<group>"; };
		529254992867A99600FF3B3D /* Base */ = {isa = PBXFileReference; lastKnownFileType = file.storyboard; name = Base; path = Base.lproj/LaunchScreen.storyboard; sourceTree = "<group>"; };
		5292549B2867A99600FF3B3D /* Info.plist */ = {isa = PBXFileReference; lastKnownFileType = text.plist.xml; path = Info.plist; sourceTree = "<group>"; };
		52F849D2288BF9850061D223 /* RepositoryOwner.swift */ = {isa = PBXFileReference; lastKnownFileType = sourcecode.swift; path = RepositoryOwner.swift; sourceTree = "<group>"; };
		52F849D4288BFA200061D223 /* Repository.swift */ = {isa = PBXFileReference; lastKnownFileType = sourcecode.swift; path = Repository.swift; sourceTree = "<group>"; };
		52F84A0E288C37540061D223 /* NetworkingHelpers.swift */ = {isa = PBXFileReference; lastKnownFileType = sourcecode.swift; path = NetworkingHelpers.swift; sourceTree = "<group>"; };
		52F84A14288C4EA10061D223 /* ReposTableViewCell.swift */ = {isa = PBXFileReference; lastKnownFileType = sourcecode.swift; path = ReposTableViewCell.swift; sourceTree = "<group>"; };
		52F84A19288D58400061D223 /* RepoDetailsViewController.swift */ = {isa = PBXFileReference; lastKnownFileType = sourcecode.swift; path = RepoDetailsViewController.swift; sourceTree = "<group>"; };
/* End PBXFileReference section */

/* Begin PBXFrameworksBuildPhase section */
		529254872867A99100FF3B3D /* Frameworks */ = {
			isa = PBXFrameworksBuildPhase;
			buildActionMask = 2147483647;
			files = (
			);
			runOnlyForDeploymentPostprocessing = 0;
		};
/* End PBXFrameworksBuildPhase section */

/* Begin PBXGroup section */
		525B7E95288EA2680099C11C /* ViewModel */ = {
			isa = PBXGroup;
			children = (
				525B7E96288EA27C0099C11C /* ViewModel.swift */,
				525B7E98288EA4710099C11C /* TableViewCellViewModel.swift */,
			);
			path = ViewModel;
			sourceTree = "<group>";
		};
		529254812867A99100FF3B3D = {
			isa = PBXGroup;
			children = (
				5292548C2867A99100FF3B3D /* GitHubAPI */,
				5292548B2867A99100FF3B3D /* Products */,
			);
			sourceTree = "<group>";
		};
		5292548B2867A99100FF3B3D /* Products */ = {
			isa = PBXGroup;
			children = (
				5292548A2867A99100FF3B3D /* GitHubAPI.app */,
			);
			name = Products;
			sourceTree = "<group>";
		};
		5292548C2867A99100FF3B3D /* GitHubAPI */ = {
			isa = PBXGroup;
			children = (
				52F84A10288C4C590061D223 /* AppDelegates */,
				52F84A0D288C37270061D223 /* Helpers */,
				52F849D1288BF96F0061D223 /* Model */,
				52F84A13288C4E710061D223 /* View */,
				525B7E95288EA2680099C11C /* ViewModel */,
				52F84A11288C4C8C0061D223 /* Storyboards */,
				529254962867A99600FF3B3D /* Assets.xcassets */,
				5292549B2867A99600FF3B3D /* Info.plist */,
			);
			path = GitHubAPI;
			sourceTree = "<group>";
		};
		52F849D1288BF96F0061D223 /* Model */ = {
			isa = PBXGroup;
			children = (
				52F849D2288BF9850061D223 /* RepositoryOwner.swift */,
				52F849D4288BFA200061D223 /* Repository.swift */,
			);
			path = Model;
			sourceTree = "<group>";
		};
		52F84A0D288C37270061D223 /* Helpers */ = {
			isa = PBXGroup;
			children = (
				52F84A0E288C37540061D223 /* NetworkingHelpers.swift */,
				525B7E9A288ED11E0099C11C /* UIHelpers.swift */,
			);
			path = Helpers;
			sourceTree = "<group>";
		};
		52F84A10288C4C590061D223 /* AppDelegates */ = {
			isa = PBXGroup;
			children = (
				5292548D2867A99100FF3B3D /* AppDelegate.swift */,
				5292548F2867A99100FF3B3D /* SceneDelegate.swift */,
			);
			path = AppDelegates;
			sourceTree = "<group>";
		};
		52F84A11288C4C8C0061D223 /* Storyboards */ = {
			isa = PBXGroup;
			children = (
				529254932867A99100FF3B3D /* Main.storyboard */,
				529254982867A99600FF3B3D /* LaunchScreen.storyboard */,
			);
			path = Storyboards;
			sourceTree = "<group>";
		};
		52F84A13288C4E710061D223 /* View */ = {
			isa = PBXGroup;
			children = (
				52F84A14288C4EA10061D223 /* ReposTableViewCell.swift */,
				529254912867A99100FF3B3D /* MainViewController.swift */,
				52F84A19288D58400061D223 /* RepoDetailsViewController.swift */,
			);
			path = View;
			sourceTree = "<group>";
		};
/* End PBXGroup section */

/* Begin PBXNativeTarget section */
		529254892867A99100FF3B3D /* GitHubAPI */ = {
			isa = PBXNativeTarget;
			buildConfigurationList = 5292549E2867A99600FF3B3D /* Build configuration list for PBXNativeTarget "GitHubAPI" */;
			buildPhases = (
				529254862867A99100FF3B3D /* Sources */,
				529254872867A99100FF3B3D /* Frameworks */,
				529254882867A99100FF3B3D /* Resources */,
			);
			buildRules = (
			);
			dependencies = (
			);
			name = GitHubAPI;
			productName = GitHubAPI;
			productReference = 5292548A2867A99100FF3B3D /* GitHubAPI.app */;
			productType = "com.apple.product-type.application";
		};
/* End PBXNativeTarget section */

/* Begin PBXProject section */
		529254822867A99100FF3B3D /* Project object */ = {
			isa = PBXProject;
			attributes = {
				BuildIndependentTargetsInParallel = 1;
				LastSwiftUpdateCheck = 1330;
				LastUpgradeCheck = 1330;
				TargetAttributes = {
					529254892867A99100FF3B3D = {
						CreatedOnToolsVersion = 13.3.1;
					};
				};
			};
			buildConfigurationList = 529254852867A99100FF3B3D /* Build configuration list for PBXProject "GitHubAPI" */;
			compatibilityVersion = "Xcode 13.0";
			developmentRegion = en;
			hasScannedForEncodings = 0;
			knownRegions = (
				en,
				Base,
			);
			mainGroup = 529254812867A99100FF3B3D;
			productRefGroup = 5292548B2867A99100FF3B3D /* Products */;
			projectDirPath = "";
			projectRoot = "";
			targets = (
				529254892867A99100FF3B3D /* GitHubAPI */,
			);
		};
/* End PBXProject section */

/* Begin PBXResourcesBuildPhase section */
		529254882867A99100FF3B3D /* Resources */ = {
			isa = PBXResourcesBuildPhase;
			buildActionMask = 2147483647;
			files = (
				5292549A2867A99600FF3B3D /* LaunchScreen.storyboard in Resources */,
				529254972867A99600FF3B3D /* Assets.xcassets in Resources */,
				529254952867A99100FF3B3D /* Main.storyboard in Resources */,
			);
			runOnlyForDeploymentPostprocessing = 0;
		};
/* End PBXResourcesBuildPhase section */

/* Begin PBXSourcesBuildPhase section */
		529254862867A99100FF3B3D /* Sources */ = {
			isa = PBXSourcesBuildPhase;
			buildActionMask = 2147483647;
			files = (
				525B7E97288EA27C0099C11C /* ViewModel.swift in Sources */,
				52F849D5288BFA200061D223 /* Repository.swift in Sources */,
				529254922867A99100FF3B3D /* MainViewController.swift in Sources */,
				525B7E9B288ED11E0099C11C /* UIHelpers.swift in Sources */,
				52F849D3288BF9850061D223 /* RepositoryOwner.swift in Sources */,
				52F84A0F288C37540061D223 /* NetworkingHelpers.swift in Sources */,
				5292548E2867A99100FF3B3D /* AppDelegate.swift in Sources */,
				529254902867A99100FF3B3D /* SceneDelegate.swift in Sources */,
				52F84A1A288D58400061D223 /* RepoDetailsViewController.swift in Sources */,
				525B7E99288EA4710099C11C /* TableViewCellViewModel.swift in Sources */,
				52F84A15288C4EA10061D223 /* ReposTableViewCell.swift in Sources */,
			);
			runOnlyForDeploymentPostprocessing = 0;
		};
/* End PBXSourcesBuildPhase section */

/* Begin PBXVariantGroup section */
		529254932867A99100FF3B3D /* Main.storyboard */ = {
			isa = PBXVariantGroup;
			children = (
				529254942867A99100FF3B3D /* Base */,
			);
			name = Main.storyboard;
			sourceTree = "<group>";
		};
		529254982867A99600FF3B3D /* LaunchScreen.storyboard */ = {
			isa = PBXVariantGroup;
			children = (
				529254992867A99600FF3B3D /* Base */,
			);
			name = LaunchScreen.storyboard;
			sourceTree = "<group>";
		};
/* End PBXVariantGroup section */

/* Begin XCBuildConfiguration section */
		5292549C2867A99600FF3B3D /* Debug */ = {
			isa = XCBuildConfiguration;
			buildSettings = {
				ALWAYS_SEARCH_USER_PATHS = NO;
				CLANG_ANALYZER_NONNULL = YES;
				CLANG_ANALYZER_NUMBER_OBJECT_CONVERSION = YES_AGGRESSIVE;
				CLANG_CXX_LANGUAGE_STANDARD = "gnu++17";
				CLANG_ENABLE_MODULES = YES;
				CLANG_ENABLE_OBJC_ARC = YES;
				CLANG_ENABLE_OBJC_WEAK = YES;
				CLANG_WARN_BLOCK_CAPTURE_AUTORELEASING = YES;
				CLANG_WARN_BOOL_CONVERSION = YES;
				CLANG_WARN_COMMA = YES;
				CLANG_WARN_CONSTANT_CONVERSION = YES;
				CLANG_WARN_DEPRECATED_OBJC_IMPLEMENTATIONS = YES;
				CLANG_WARN_DIRECT_OBJC_ISA_USAGE = YES_ERROR;
				CLANG_WARN_DOCUMENTATION_COMMENTS = YES;
				CLANG_WARN_EMPTY_BODY = YES;
				CLANG_WARN_ENUM_CONVERSION = YES;
				CLANG_WARN_INFINITE_RECURSION = YES;
				CLANG_WARN_INT_CONVERSION = YES;
				CLANG_WARN_NON_LITERAL_NULL_CONVERSION = YES;
				CLANG_WARN_OBJC_IMPLICIT_RETAIN_SELF = YES;
				CLANG_WARN_OBJC_LITERAL_CONVERSION = YES;
				CLANG_WARN_OBJC_ROOT_CLASS = YES_ERROR;
				CLANG_WARN_QUOTED_INCLUDE_IN_FRAMEWORK_HEADER = YES;
				CLANG_WARN_RANGE_LOOP_ANALYSIS = YES;
				CLANG_WARN_STRICT_PROTOTYPES = YES;
				CLANG_WARN_SUSPICIOUS_MOVE = YES;
				CLANG_WARN_UNGUARDED_AVAILABILITY = YES_AGGRESSIVE;
				CLANG_WARN_UNREACHABLE_CODE = YES;
				CLANG_WARN__DUPLICATE_METHOD_MATCH = YES;
				COPY_PHASE_STRIP = NO;
				DEBUG_INFORMATION_FORMAT = dwarf;
				ENABLE_STRICT_OBJC_MSGSEND = YES;
				ENABLE_TESTABILITY = YES;
				GCC_C_LANGUAGE_STANDARD = gnu11;
				GCC_DYNAMIC_NO_PIC = NO;
				GCC_NO_COMMON_BLOCKS = YES;
				GCC_OPTIMIZATION_LEVEL = 0;
				GCC_PREPROCESSOR_DEFINITIONS = (
					"DEBUG=1",
					"$(inherited)",
				);
				GCC_WARN_64_TO_32_BIT_CONVERSION = YES;
				GCC_WARN_ABOUT_RETURN_TYPE = YES_ERROR;
				GCC_WARN_UNDECLARED_SELECTOR = YES;
				GCC_WARN_UNINITIALIZED_AUTOS = YES_AGGRESSIVE;
				GCC_WARN_UNUSED_FUNCTION = YES;
				GCC_WARN_UNUSED_VARIABLE = YES;
				IPHONEOS_DEPLOYMENT_TARGET = 15.4;
				MTL_ENABLE_DEBUG_INFO = INCLUDE_SOURCE;
				MTL_FAST_MATH = YES;
				ONLY_ACTIVE_ARCH = YES;
				SDKROOT = iphoneos;
				SWIFT_ACTIVE_COMPILATION_CONDITIONS = DEBUG;
				SWIFT_OPTIMIZATION_LEVEL = "-Onone";
			};
			name = Debug;
		};
		5292549D2867A99600FF3B3D /* Release */ = {
			isa = XCBuildConfiguration;
			buildSettings = {
				ALWAYS_SEARCH_USER_PATHS = NO;
				CLANG_ANALYZER_NONNULL = YES;
				CLANG_ANALYZER_NUMBER_OBJECT_CONVERSION = YES_AGGRESSIVE;
				CLANG_CXX_LANGUAGE_STANDARD = "gnu++17";
				CLANG_ENABLE_MODULES = YES;
				CLANG_ENABLE_OBJC_ARC = YES;
				CLANG_ENABLE_OBJC_WEAK = YES;
				CLANG_WARN_BLOCK_CAPTURE_AUTORELEASING = YES;
				CLANG_WARN_BOOL_CONVERSION = YES;
				CLANG_WARN_COMMA = YES;
				CLANG_WARN_CONSTANT_CONVERSION = YES;
				CLANG_WARN_DEPRECATED_OBJC_IMPLEMENTATIONS = YES;
				CLANG_WARN_DIRECT_OBJC_ISA_USAGE = YES_ERROR;
				CLANG_WARN_DOCUMENTATION_COMMENTS = YES;
				CLANG_WARN_EMPTY_BODY = YES;
				CLANG_WARN_ENUM_CONVERSION = YES;
				CLANG_WARN_INFINITE_RECURSION = YES;
				CLANG_WARN_INT_CONVERSION = YES;
				CLANG_WARN_NON_LITERAL_NULL_CONVERSION = YES;
				CLANG_WARN_OBJC_IMPLICIT_RETAIN_SELF = YES;
				CLANG_WARN_OBJC_LITERAL_CONVERSION = YES;
				CLANG_WARN_OBJC_ROOT_CLASS = YES_ERROR;
				CLANG_WARN_QUOTED_INCLUDE_IN_FRAMEWORK_HEADER = YES;
				CLANG_WARN_RANGE_LOOP_ANALYSIS = YES;
				CLANG_WARN_STRICT_PROTOTYPES = YES;
				CLANG_WARN_SUSPICIOUS_MOVE = YES;
				CLANG_WARN_UNGUARDED_AVAILABILITY = YES_AGGRESSIVE;
				CLANG_WARN_UNREACHABLE_CODE = YES;
				CLANG_WARN__DUPLICATE_METHOD_MATCH = YES;
				COPY_PHASE_STRIP = NO;
				DEBUG_INFORMATION_FORMAT = "dwarf-with-dsym";
				ENABLE_NS_ASSERTIONS = NO;
				ENABLE_STRICT_OBJC_MSGSEND = YES;
				GCC_C_LANGUAGE_STANDARD = gnu11;
				GCC_NO_COMMON_BLOCKS = YES;
				GCC_WARN_64_TO_32_BIT_CONVERSION = YES;
				GCC_WARN_ABOUT_RETURN_TYPE = YES_ERROR;
				GCC_WARN_UNDECLARED_SELECTOR = YES;
				GCC_WARN_UNINITIALIZED_AUTOS = YES_AGGRESSIVE;
				GCC_WARN_UNUSED_FUNCTION = YES;
				GCC_WARN_UNUSED_VARIABLE = YES;
				IPHONEOS_DEPLOYMENT_TARGET = 15.4;
				MTL_ENABLE_DEBUG_INFO = NO;
				MTL_FAST_MATH = YES;
				SDKROOT = iphoneos;
				SWIFT_COMPILATION_MODE = wholemodule;
				SWIFT_OPTIMIZATION_LEVEL = "-O";
				VALIDATE_PRODUCT = YES;
			};
			name = Release;
		};
		5292549F2867A99600FF3B3D /* Debug */ = {
			isa = XCBuildConfiguration;
			buildSettings = {
				ASSETCATALOG_COMPILER_APPICON_NAME = AppIcon;
				ASSETCATALOG_COMPILER_GLOBAL_ACCENT_COLOR_NAME = AccentColor;
				CODE_SIGN_STYLE = Automatic;
				CURRENT_PROJECT_VERSION = 1;
				GENERATE_INFOPLIST_FILE = YES;
				INFOPLIST_FILE = GitHubAPI/Info.plist;
				INFOPLIST_KEY_UIApplicationSupportsIndirectInputEvents = YES;
				INFOPLIST_KEY_UILaunchStoryboardName = LaunchScreen;
				INFOPLIST_KEY_UIMainStoryboardFile = Main;
				INFOPLIST_KEY_UISupportedInterfaceOrientations_iPad = "UIInterfaceOrientationPortrait UIInterfaceOrientationPortraitUpsideDown UIInterfaceOrientationLandscapeLeft UIInterfaceOrientationLandscapeRight";
				INFOPLIST_KEY_UISupportedInterfaceOrientations_iPhone = "UIInterfaceOrientationPortrait UIInterfaceOrientationLandscapeLeft UIInterfaceOrientationLandscapeRight";
				LD_RUNPATH_SEARCH_PATHS = (
					"$(inherited)",
					"@executable_path/Frameworks",
				);
				MARKETING_VERSION = 1.0;
				PRODUCT_BUNDLE_IDENTIFIER = DevBorisElkin.GitHubAPI;
				PRODUCT_NAME = "$(TARGET_NAME)";
				SWIFT_EMIT_LOC_STRINGS = YES;
				SWIFT_VERSION = 5.0;
				TARGETED_DEVICE_FAMILY = "1,2";
			};
			name = Debug;
		};
		529254A02867A99600FF3B3D /* Release */ = {
			isa = XCBuildConfiguration;
			buildSettings = {
				ASSETCATALOG_COMPILER_APPICON_NAME = AppIcon;
				ASSETCATALOG_COMPILER_GLOBAL_ACCENT_COLOR_NAME = AccentColor;
				CODE_SIGN_STYLE = Automatic;
				CURRENT_PROJECT_VERSION = 1;
				GENERATE_INFOPLIST_FILE = YES;
				INFOPLIST_FILE = GitHubAPI/Info.plist;
				INFOPLIST_KEY_UIApplicationSupportsIndirectInputEvents = YES;
				INFOPLIST_KEY_UILaunchStoryboardName = LaunchScreen;
				INFOPLIST_KEY_UIMainStoryboardFile = Main;
				INFOPLIST_KEY_UISupportedInterfaceOrientations_iPad = "UIInterfaceOrientationPortrait UIInterfaceOrientationPortraitUpsideDown UIInterfaceOrientationLandscapeLeft UIInterfaceOrientationLandscapeRight";
				INFOPLIST_KEY_UISupportedInterfaceOrientations_iPhone = "UIInterfaceOrientationPortrait UIInterfaceOrientationLandscapeLeft UIInterfaceOrientationLandscapeRight";
				LD_RUNPATH_SEARCH_PATHS = (
					"$(inherited)",
					"@executable_path/Frameworks",
				);
				MARKETING_VERSION = 1.0;
				PRODUCT_BUNDLE_IDENTIFIER = DevBorisElkin.GitHubAPI;
				PRODUCT_NAME = "$(TARGET_NAME)";
				SWIFT_EMIT_LOC_STRINGS = YES;
				SWIFT_VERSION = 5.0;
				TARGETED_DEVICE_FAMILY = "1,2";
			};
			name = Release;
		};
/* End XCBuildConfiguration section */

/* Begin XCConfigurationList section */
		529254852867A99100FF3B3D /* Build configuration list for PBXProject "GitHubAPI" */ = {
			isa = XCConfigurationList;
			buildConfigurations = (
				5292549C2867A99600FF3B3D /* Debug */,
				5292549D2867A99600FF3B3D /* Release */,
			);
			defaultConfigurationIsVisible = 0;
			defaultConfigurationName = Release;
		};
		5292549E2867A99600FF3B3D /* Build configuration list for PBXNativeTarget "GitHubAPI" */ = {
			isa = XCConfigurationList;
			buildConfigurations = (
				5292549F2867A99600FF3B3D /* Debug */,
				529254A02867A99600FF3B3D /* Release */,
			);
			defaultConfigurationIsVisible = 0;
			defaultConfigurationName = Release;
		};
/* End XCConfigurationList section */
	};
	rootObject = 529254822867A99100FF3B3D /* Project object */;
}
